{
  "name": "smallCD-",
  "version": "1.0.0",
  "lockfileVersion": 1,
  "requires": true,
  "dependencies": {
    "moon-time": {
      "version": "2.4.0",
      "resolved": "https://registry.npmjs.org/moon-time/-/moon-time-2.4.0.tgz",
      "integrity": "sha512-MUbO7BVCg/KptP8qfS1WpsFsHS+PRgSV6BQrAzwB1GtYIOzpN1IGzzk641Ycz5mQo7Xf9NoABbW9P7WzEnNO8g=="
    }
  }
}
